
Microsoft Visual Studio Solution File, Format Version 12.00
# Visual Studio Version 17
VisualStudioVersion = 17.1.32228.430
MinimumVisualStudioVersion = 10.0.40219.1
Project("{FAE04EC0-301F-11D3-BF4B-00C04F79EFBC}") = "WindowsFormsApp4", "WindowsFormsApp4\WindowsFormsApp4.csproj", "{90F32234-E5A4-4EA0-97EF-0FC187C2BCA8}"
EndProject
Global
	GlobalSection(SolutionConfigurationPlatforms) = preSolution
		Debug|Any CPU = Debug|Any CPU
		Release|Any CPU = Release|Any CPU
	EndGlobalSection
	GlobalSection(ProjectConfigurationPlatforms) = postSolution
		{90F32234-E5A4-4EA0-97EF-0FC187C2BCA8}.Debug|Any CPU.ActiveCfg = Debug|Any CPU
		{90F32234-E5A4-4EA0-97EF-0FC187C2BCA8}.Debug|Any CPU.Build.0 = Debug|Any CPU
		{90F32234-E5A4-4EA0-97EF-0FC187C2BCA8}.Release|Any CPU.ActiveCfg = Release|Any CPU
		{90F32234-E5A4-4EA0-97EF-0FC187C2BCA8}.Release|Any CPU.Build.0 = Release|Any CPU
	EndGlobalSection
	GlobalSection(SolutionProperties) = preSolution
		HideSolutionNode = FALSE
	EndGlobalSection
	GlobalSection(ExtensibilityGlobals) = postSolution
		SolutionGuid = {BEFDCDE8-189A-4514-B4A4-2B44F27DF8A0}
	EndGlobalSection
EndGlobal
