
Microsoft Visual Studio Solution File, Format Version 12.00
# Visual Studio Version 17
VisualStudioVersion = 17.1.32228.430
MinimumVisualStudioVersion = 10.0.40219.1
Project("{FAE04EC0-301F-11D3-BF4B-00C04F79EFBC}") = "WindowsFormsApp2", "WindowsFormsApp2\WindowsFormsApp2.csproj", "{D7769DA1-A4D3-4518-9128-A78F608DABE9}"
EndProject
Global
	GlobalSection(SolutionConfigurationPlatforms) = preSolution
		Debug|Any CPU = Debug|Any CPU
		Release|Any CPU = Release|Any CPU
	EndGlobalSection
	GlobalSection(ProjectConfigurationPlatforms) = postSolution
		{D7769DA1-A4D3-4518-9128-A78F608DABE9}.Debug|Any CPU.ActiveCfg = Debug|Any CPU
		{D7769DA1-A4D3-4518-9128-A78F608DABE9}.Debug|Any CPU.Build.0 = Debug|Any CPU
		{D7769DA1-A4D3-4518-9128-A78F608DABE9}.Release|Any CPU.ActiveCfg = Release|Any CPU
		{D7769DA1-A4D3-4518-9128-A78F608DABE9}.Release|Any CPU.Build.0 = Release|Any CPU
	EndGlobalSection
	GlobalSection(SolutionProperties) = preSolution
		HideSolutionNode = FALSE
	EndGlobalSection
	GlobalSection(ExtensibilityGlobals) = postSolution
		SolutionGuid = {CD2E9941-99D7-4430-91E4-5B2E6ED8CA4D}
	EndGlobalSection
EndGlobal
