
Microsoft Visual Studio Solution File, Format Version 12.00
# Visual Studio Version 17
VisualStudioVersion = 17.1.32328.378
MinimumVisualStudioVersion = 10.0.40219.1
Project("{FAE04EC0-301F-11D3-BF4B-00C04F79EFBC}") = "设备管理系统", "设备管理系统\设备管理系统.csproj", "{46A48F2F-0904-4AAA-8D5B-1398BEA1EC6C}"
EndProject
Global
	GlobalSection(SolutionConfigurationPlatforms) = preSolution
		Debug|Any CPU = Debug|Any CPU
		Release|Any CPU = Release|Any CPU
	EndGlobalSection
	GlobalSection(ProjectConfigurationPlatforms) = postSolution
		{46A48F2F-0904-4AAA-8D5B-1398BEA1EC6C}.Debug|Any CPU.ActiveCfg = Debug|Any CPU
		{46A48F2F-0904-4AAA-8D5B-1398BEA1EC6C}.Debug|Any CPU.Build.0 = Debug|Any CPU
		{46A48F2F-0904-4AAA-8D5B-1398BEA1EC6C}.Release|Any CPU.ActiveCfg = Release|Any CPU
		{46A48F2F-0904-4AAA-8D5B-1398BEA1EC6C}.Release|Any CPU.Build.0 = Release|Any CPU
	EndGlobalSection
	GlobalSection(SolutionProperties) = preSolution
		HideSolutionNode = FALSE
	EndGlobalSection
	GlobalSection(ExtensibilityGlobals) = postSolution
		SolutionGuid = {085BEBB2-72ED-4AA6-8302-BD629E00A6D4}
	EndGlobalSection
EndGlobal
