
Microsoft Visual Studio Solution File, Format Version 12.00
# Visual Studio Version 17
VisualStudioVersion = 17.1.32328.378
MinimumVisualStudioVersion = 10.0.40219.1
Project("{FAE04EC0-301F-11D3-BF4B-00C04F79EFBC}") = "设备管理系统2", "设备管理系统2\设备管理系统2.csproj", "{9513CA9D-5CA5-4EFD-A8B1-5972049F732A}"
EndProject
Global
	GlobalSection(SolutionConfigurationPlatforms) = preSolution
		Debug|Any CPU = Debug|Any CPU
		Release|Any CPU = Release|Any CPU
	EndGlobalSection
	GlobalSection(ProjectConfigurationPlatforms) = postSolution
		{9513CA9D-5CA5-4EFD-A8B1-5972049F732A}.Debug|Any CPU.ActiveCfg = Debug|Any CPU
		{9513CA9D-5CA5-4EFD-A8B1-5972049F732A}.Debug|Any CPU.Build.0 = Debug|Any CPU
		{9513CA9D-5CA5-4EFD-A8B1-5972049F732A}.Release|Any CPU.ActiveCfg = Release|Any CPU
		{9513CA9D-5CA5-4EFD-A8B1-5972049F732A}.Release|Any CPU.Build.0 = Release|Any CPU
	EndGlobalSection
	GlobalSection(SolutionProperties) = preSolution
		HideSolutionNode = FALSE
	EndGlobalSection
	GlobalSection(ExtensibilityGlobals) = postSolution
		SolutionGuid = {84FE54A8-C958-4542-B03D-BCB210B52771}
	EndGlobalSection
EndGlobal
